
Microsoft Visual Studio Solution File, Format Version 12.00
# Visual Studio 14
VisualStudioVersion = 14.0.25420.1
MinimumVisualStudioVersion = 10.0.40219.1
Project("{8BC9CEB8-8B4A-11D0-8D11-00A0C91BC942}") = "AtTinyBattery", "AtTinyBattery.vcxproj", "{C5F80730-F44F-4478-BDAE-6634EFC2CA88}"
EndProject
Project("{8BC9CEB8-8B4A-11D0-8D11-00A0C91BC942}") = "TinyHost", "TinyHost.vcxproj", "{7DCA0B6B-32E1-40AC-A9A8-DBDB394DD00B}"
EndProject
Project("{FAE04EC0-301F-11D3-BF4B-00C04F79EFBC}") = "UnitTests", "..\UnitTests\UnitTests.csproj", "{D4AEEB79-FD17-41CB-AE47-BB7B77230B49}"
EndProject
Global
	GlobalSection(SolutionConfigurationPlatforms) = preSolution
		Debug|Any CPU = Debug|Any CPU
		Debug|x86 = Debug|x86
		Release|Any CPU = Release|Any CPU
		Release|x86 = Release|x86
	EndGlobalSection
	GlobalSection(ProjectConfigurationPlatforms) = postSolution
		{C5F80730-F44F-4478-BDAE-6634EFC2CA88}.Debug|Any CPU.ActiveCfg = Debug|Win32
		{C5F80730-F44F-4478-BDAE-6634EFC2CA88}.Debug|x86.ActiveCfg = Debug|Win32
		{C5F80730-F44F-4478-BDAE-6634EFC2CA88}.Debug|x86.Build.0 = Debug|Win32
		{C5F80730-F44F-4478-BDAE-6634EFC2CA88}.Release|Any CPU.ActiveCfg = Release|Win32
		{C5F80730-F44F-4478-BDAE-6634EFC2CA88}.Release|x86.ActiveCfg = Release|Win32
		{C5F80730-F44F-4478-BDAE-6634EFC2CA88}.Release|x86.Build.0 = Release|Win32
		{7DCA0B6B-32E1-40AC-A9A8-DBDB394DD00B}.Debug|Any CPU.ActiveCfg = Debug|Win32
		{7DCA0B6B-32E1-40AC-A9A8-DBDB394DD00B}.Debug|x86.ActiveCfg = Debug|Win32
		{7DCA0B6B-32E1-40AC-A9A8-DBDB394DD00B}.Debug|x86.Build.0 = Debug|Win32
		{7DCA0B6B-32E1-40AC-A9A8-DBDB394DD00B}.Release|Any CPU.ActiveCfg = Release|Win32
		{7DCA0B6B-32E1-40AC-A9A8-DBDB394DD00B}.Release|x86.ActiveCfg = Release|Win32
		{7DCA0B6B-32E1-40AC-A9A8-DBDB394DD00B}.Release|x86.Build.0 = Release|Win32
		{D4AEEB79-FD17-41CB-AE47-BB7B77230B49}.Debug|Any CPU.ActiveCfg = Debug|Any CPU
		{D4AEEB79-FD17-41CB-AE47-BB7B77230B49}.Debug|Any CPU.Build.0 = Debug|Any CPU
		{D4AEEB79-FD17-41CB-AE47-BB7B77230B49}.Debug|x86.ActiveCfg = Debug|Any CPU
		{D4AEEB79-FD17-41CB-AE47-BB7B77230B49}.Debug|x86.Build.0 = Debug|Any CPU
		{D4AEEB79-FD17-41CB-AE47-BB7B77230B49}.Release|Any CPU.ActiveCfg = Release|Any CPU
		{D4AEEB79-FD17-41CB-AE47-BB7B77230B49}.Release|Any CPU.Build.0 = Release|Any CPU
		{D4AEEB79-FD17-41CB-AE47-BB7B77230B49}.Release|x86.ActiveCfg = Release|Any CPU
		{D4AEEB79-FD17-41CB-AE47-BB7B77230B49}.Release|x86.Build.0 = Release|Any CPU
	EndGlobalSection
	GlobalSection(SolutionProperties) = preSolution
		HideSolutionNode = FALSE
	EndGlobalSection
EndGlobal
